
Microsoft Visual Studio Solution File, Format Version 12.00
# Visual Studio Version 17
VisualStudioVersion = 17.14.36414.22 d17.14
MinimumVisualStudioVersion = 10.0.40219.1
Project("{FAE04EC0-301F-11D3-BF4B-00C04F79EFBC}") = "AtsuMoriFatCook", "AtsuMoriFatCook\AtsuMoriFatCook.csproj", "{9CB0B76B-B5F9-42DD-A489-04B20A03A25D}"
EndProject
Global
	GlobalSection(SolutionConfigurationPlatforms) = preSolution
		Debug|Any CPU = Debug|Any CPU
		Release|Any CPU = Release|Any CPU
	EndGlobalSection
	GlobalSection(ProjectConfigurationPlatforms) = postSolution
		{9CB0B76B-B5F9-42DD-A489-04B20A03A25D}.Debug|Any CPU.ActiveCfg = Debug|Any CPU
		{9CB0B76B-B5F9-42DD-A489-04B20A03A25D}.Debug|Any CPU.Build.0 = Debug|Any CPU
		{9CB0B76B-B5F9-42DD-A489-04B20A03A25D}.Release|Any CPU.ActiveCfg = Release|Any CPU
		{9CB0B76B-B5F9-42DD-A489-04B20A03A25D}.Release|Any CPU.Build.0 = Release|Any CPU
	EndGlobalSection
	GlobalSection(SolutionProperties) = preSolution
		HideSolutionNode = FALSE
	EndGlobalSection
	GlobalSection(ExtensibilityGlobals) = postSolution
		SolutionGuid = {E23EDE19-607C-4AFB-B69C-15D9E723CA35}
	EndGlobalSection
EndGlobal
